
Microsoft Visual Studio Solution File, Format Version 12.00
# Visual Studio Version 17
VisualStudioVersion = 17.10.35004.147
MinimumVisualStudioVersion = 10.0.40219.1
Project("{FAE04EC0-301F-11D3-BF4B-00C04F79EFBC}") = "Ch.9,Ex.1", "Ch.9,Ex.1.csproj", "{BF5C01F8-29B2-4541-B522-02BE74D46668}"
EndProject
Global
	GlobalSection(SolutionConfigurationPlatforms) = preSolution
		Debug|Any CPU = Debug|Any CPU
		Release|Any CPU = Release|Any CPU
	EndGlobalSection
	GlobalSection(ProjectConfigurationPlatforms) = postSolution
		{BF5C01F8-29B2-4541-B522-02BE74D46668}.Debug|Any CPU.ActiveCfg = Debug|Any CPU
		{BF5C01F8-29B2-4541-B522-02BE74D46668}.Debug|Any CPU.Build.0 = Debug|Any CPU
		{BF5C01F8-29B2-4541-B522-02BE74D46668}.Release|Any CPU.ActiveCfg = Release|Any CPU
		{BF5C01F8-29B2-4541-B522-02BE74D46668}.Release|Any CPU.Build.0 = Release|Any CPU
	EndGlobalSection
	GlobalSection(SolutionProperties) = preSolution
		HideSolutionNode = FALSE
	EndGlobalSection
	GlobalSection(ExtensibilityGlobals) = postSolution
		SolutionGuid = {1586144C-1CDF-42BD-AF4F-F658B1D19D00}
	EndGlobalSection
EndGlobal
