
Microsoft Visual Studio Solution File, Format Version 12.00
# Visual Studio Version 17
VisualStudioVersion = 17.8.34330.188
MinimumVisualStudioVersion = 10.0.40219.1
Project("{FAE04EC0-301F-11D3-BF4B-00C04F79EFBC}") = "Ch.3,Ex.7(for)", "Ch.3,Ex.7(for).csproj", "{93D4417B-97AB-4419-A194-7A7A2C738A1D}"
EndProject
Global
	GlobalSection(SolutionConfigurationPlatforms) = preSolution
		Debug|Any CPU = Debug|Any CPU
		Release|Any CPU = Release|Any CPU
	EndGlobalSection
	GlobalSection(ProjectConfigurationPlatforms) = postSolution
		{93D4417B-97AB-4419-A194-7A7A2C738A1D}.Debug|Any CPU.ActiveCfg = Debug|Any CPU
		{93D4417B-97AB-4419-A194-7A7A2C738A1D}.Debug|Any CPU.Build.0 = Debug|Any CPU
		{93D4417B-97AB-4419-A194-7A7A2C738A1D}.Release|Any CPU.ActiveCfg = Release|Any CPU
		{93D4417B-97AB-4419-A194-7A7A2C738A1D}.Release|Any CPU.Build.0 = Release|Any CPU
	EndGlobalSection
	GlobalSection(SolutionProperties) = preSolution
		HideSolutionNode = FALSE
	EndGlobalSection
	GlobalSection(ExtensibilityGlobals) = postSolution
		SolutionGuid = {85D92AAC-2EEF-435C-8EA2-E040016D391C}
	EndGlobalSection
EndGlobal
