
Microsoft Visual Studio Solution File, Format Version 12.00
# Visual Studio Version 17
VisualStudioVersion = 17.14.36414.22 d17.14
MinimumVisualStudioVersion = 10.0.40219.1
Project("{FAE04EC0-301F-11D3-BF4B-00C04F79EFBC}") = "Ch.2.8,Ex.7", "Ch.2.8,Ex.7.csproj", "{F6B29CA8-7E4B-442B-BC04-F3CB11CD4857}"
EndProject
Global
	GlobalSection(SolutionConfigurationPlatforms) = preSolution
		Debug|Any CPU = Debug|Any CPU
		Release|Any CPU = Release|Any CPU
	EndGlobalSection
	GlobalSection(ProjectConfigurationPlatforms) = postSolution
		{F6B29CA8-7E4B-442B-BC04-F3CB11CD4857}.Debug|Any CPU.ActiveCfg = Debug|Any CPU
		{F6B29CA8-7E4B-442B-BC04-F3CB11CD4857}.Debug|Any CPU.Build.0 = Debug|Any CPU
		{F6B29CA8-7E4B-442B-BC04-F3CB11CD4857}.Release|Any CPU.ActiveCfg = Release|Any CPU
		{F6B29CA8-7E4B-442B-BC04-F3CB11CD4857}.Release|Any CPU.Build.0 = Release|Any CPU
	EndGlobalSection
	GlobalSection(SolutionProperties) = preSolution
		HideSolutionNode = FALSE
	EndGlobalSection
	GlobalSection(ExtensibilityGlobals) = postSolution
		SolutionGuid = {6BA989C6-5370-4D2C-8592-2D9E0AB23DDE}
	EndGlobalSection
EndGlobal
