
Microsoft Visual Studio Solution File, Format Version 12.00
# Visual Studio Version 17
VisualStudioVersion = 17.14.36408.4 d17.14
MinimumVisualStudioVersion = 10.0.40219.1
Project("{FAE04EC0-301F-11D3-BF4B-00C04F79EFBC}") = "Ch.2.7,Ex.3", "Ch.2.7,Ex.3.csproj", "{2520F0C6-CD2F-4164-A55E-7DB0CA78EFEE}"
EndProject
Global
	GlobalSection(SolutionConfigurationPlatforms) = preSolution
		Debug|Any CPU = Debug|Any CPU
		Release|Any CPU = Release|Any CPU
	EndGlobalSection
	GlobalSection(ProjectConfigurationPlatforms) = postSolution
		{2520F0C6-CD2F-4164-A55E-7DB0CA78EFEE}.Debug|Any CPU.ActiveCfg = Debug|Any CPU
		{2520F0C6-CD2F-4164-A55E-7DB0CA78EFEE}.Debug|Any CPU.Build.0 = Debug|Any CPU
		{2520F0C6-CD2F-4164-A55E-7DB0CA78EFEE}.Release|Any CPU.ActiveCfg = Release|Any CPU
		{2520F0C6-CD2F-4164-A55E-7DB0CA78EFEE}.Release|Any CPU.Build.0 = Release|Any CPU
	EndGlobalSection
	GlobalSection(SolutionProperties) = preSolution
		HideSolutionNode = FALSE
	EndGlobalSection
	GlobalSection(ExtensibilityGlobals) = postSolution
		SolutionGuid = {16D64130-A711-4B2B-86D1-D6FED16DC120}
	EndGlobalSection
EndGlobal
