
Microsoft Visual Studio Solution File, Format Version 12.00
# Visual Studio Version 17
VisualStudioVersion = 17.10.35027.167
MinimumVisualStudioVersion = 10.0.40219.1
Project("{FAE04EC0-301F-11D3-BF4B-00C04F79EFBC}") = "Ch.9,Ex.4", "Ch.9,Ex.4.csproj", "{22E8B613-3FD9-4C64-8E2F-4D861609815A}"
EndProject
Global
	GlobalSection(SolutionConfigurationPlatforms) = preSolution
		Debug|Any CPU = Debug|Any CPU
		Release|Any CPU = Release|Any CPU
	EndGlobalSection
	GlobalSection(ProjectConfigurationPlatforms) = postSolution
		{22E8B613-3FD9-4C64-8E2F-4D861609815A}.Debug|Any CPU.ActiveCfg = Debug|Any CPU
		{22E8B613-3FD9-4C64-8E2F-4D861609815A}.Debug|Any CPU.Build.0 = Debug|Any CPU
		{22E8B613-3FD9-4C64-8E2F-4D861609815A}.Release|Any CPU.ActiveCfg = Release|Any CPU
		{22E8B613-3FD9-4C64-8E2F-4D861609815A}.Release|Any CPU.Build.0 = Release|Any CPU
	EndGlobalSection
	GlobalSection(SolutionProperties) = preSolution
		HideSolutionNode = FALSE
	EndGlobalSection
	GlobalSection(ExtensibilityGlobals) = postSolution
		SolutionGuid = {6B660D0F-72A6-4C8B-9C88-74013899510C}
	EndGlobalSection
EndGlobal
