
Microsoft Visual Studio Solution File, Format Version 12.00
# Visual Studio Version 17
VisualStudioVersion = 17.11.35431.28
MinimumVisualStudioVersion = 10.0.40219.1
Project("{FAE04EC0-301F-11D3-BF4B-00C04F79EFBC}") = "Ch.2.1,Ex.5", "Ch.2.1,Ex.5.csproj", "{93CD7E4F-7584-4AC3-AFD6-55DA78A5FC97}"
EndProject
Global
	GlobalSection(SolutionConfigurationPlatforms) = preSolution
		Debug|Any CPU = Debug|Any CPU
		Release|Any CPU = Release|Any CPU
	EndGlobalSection
	GlobalSection(ProjectConfigurationPlatforms) = postSolution
		{93CD7E4F-7584-4AC3-AFD6-55DA78A5FC97}.Debug|Any CPU.ActiveCfg = Debug|Any CPU
		{93CD7E4F-7584-4AC3-AFD6-55DA78A5FC97}.Debug|Any CPU.Build.0 = Debug|Any CPU
		{93CD7E4F-7584-4AC3-AFD6-55DA78A5FC97}.Release|Any CPU.ActiveCfg = Release|Any CPU
		{93CD7E4F-7584-4AC3-AFD6-55DA78A5FC97}.Release|Any CPU.Build.0 = Release|Any CPU
	EndGlobalSection
	GlobalSection(SolutionProperties) = preSolution
		HideSolutionNode = FALSE
	EndGlobalSection
	GlobalSection(ExtensibilityGlobals) = postSolution
		SolutionGuid = {0B869929-58F2-46CD-A021-76A2F90553E6}
	EndGlobalSection
EndGlobal
