
Microsoft Visual Studio Solution File, Format Version 12.00
# Visual Studio Version 17
VisualStudioVersion = 17.14.36310.24 d17.14
MinimumVisualStudioVersion = 10.0.40219.1
Project("{FAE04EC0-301F-11D3-BF4B-00C04F79EFBC}") = "Ch.2.6,Ex.7", "Ch.2.6,Ex.7.csproj", "{8B177B8E-F811-4C2B-B6C5-A3687A146318}"
EndProject
Global
	GlobalSection(SolutionConfigurationPlatforms) = preSolution
		Debug|Any CPU = Debug|Any CPU
		Release|Any CPU = Release|Any CPU
	EndGlobalSection
	GlobalSection(ProjectConfigurationPlatforms) = postSolution
		{8B177B8E-F811-4C2B-B6C5-A3687A146318}.Debug|Any CPU.ActiveCfg = Debug|Any CPU
		{8B177B8E-F811-4C2B-B6C5-A3687A146318}.Debug|Any CPU.Build.0 = Debug|Any CPU
		{8B177B8E-F811-4C2B-B6C5-A3687A146318}.Release|Any CPU.ActiveCfg = Release|Any CPU
		{8B177B8E-F811-4C2B-B6C5-A3687A146318}.Release|Any CPU.Build.0 = Release|Any CPU
	EndGlobalSection
	GlobalSection(SolutionProperties) = preSolution
		HideSolutionNode = FALSE
	EndGlobalSection
	GlobalSection(ExtensibilityGlobals) = postSolution
		SolutionGuid = {77B60EB2-C145-401B-A15B-531D03200F01}
	EndGlobalSection
EndGlobal
