
Microsoft Visual Studio Solution File, Format Version 12.00
# Visual Studio Version 17
VisualStudioVersion = 17.14.36408.4 d17.14
MinimumVisualStudioVersion = 10.0.40219.1
Project("{FAE04EC0-301F-11D3-BF4B-00C04F79EFBC}") = "Ch.2.7,Ex.6", "Ch.2.7,Ex.6.csproj", "{9AE089C7-AC6D-4354-B2F9-C6BC3C714365}"
EndProject
Global
	GlobalSection(SolutionConfigurationPlatforms) = preSolution
		Debug|Any CPU = Debug|Any CPU
		Release|Any CPU = Release|Any CPU
	EndGlobalSection
	GlobalSection(ProjectConfigurationPlatforms) = postSolution
		{9AE089C7-AC6D-4354-B2F9-C6BC3C714365}.Debug|Any CPU.ActiveCfg = Debug|Any CPU
		{9AE089C7-AC6D-4354-B2F9-C6BC3C714365}.Debug|Any CPU.Build.0 = Debug|Any CPU
		{9AE089C7-AC6D-4354-B2F9-C6BC3C714365}.Release|Any CPU.ActiveCfg = Release|Any CPU
		{9AE089C7-AC6D-4354-B2F9-C6BC3C714365}.Release|Any CPU.Build.0 = Release|Any CPU
	EndGlobalSection
	GlobalSection(SolutionProperties) = preSolution
		HideSolutionNode = FALSE
	EndGlobalSection
	GlobalSection(ExtensibilityGlobals) = postSolution
		SolutionGuid = {4D1DB5B5-B490-4546-B696-0CB53E021EA3}
	EndGlobalSection
EndGlobal
