
Microsoft Visual Studio Solution File, Format Version 12.00
# Visual Studio Version 17
VisualStudioVersion = 17.11.35312.102
MinimumVisualStudioVersion = 10.0.40219.1
Project("{FAE04EC0-301F-11D3-BF4B-00C04F79EFBC}") = "Ch.8,Ex.10", "Ch.8,Ex.10.csproj", "{FFC6EB86-C3DB-4A64-987F-4F38C06D0974}"
EndProject
Global
	GlobalSection(SolutionConfigurationPlatforms) = preSolution
		Debug|Any CPU = Debug|Any CPU
		Release|Any CPU = Release|Any CPU
	EndGlobalSection
	GlobalSection(ProjectConfigurationPlatforms) = postSolution
		{FFC6EB86-C3DB-4A64-987F-4F38C06D0974}.Debug|Any CPU.ActiveCfg = Debug|Any CPU
		{FFC6EB86-C3DB-4A64-987F-4F38C06D0974}.Debug|Any CPU.Build.0 = Debug|Any CPU
		{FFC6EB86-C3DB-4A64-987F-4F38C06D0974}.Release|Any CPU.ActiveCfg = Release|Any CPU
		{FFC6EB86-C3DB-4A64-987F-4F38C06D0974}.Release|Any CPU.Build.0 = Release|Any CPU
	EndGlobalSection
	GlobalSection(SolutionProperties) = preSolution
		HideSolutionNode = FALSE
	EndGlobalSection
	GlobalSection(ExtensibilityGlobals) = postSolution
		SolutionGuid = {9FDEA336-7208-4C84-B357-B6FABFE3A29B}
	EndGlobalSection
EndGlobal
