
Microsoft Visual Studio Solution File, Format Version 12.00
# Visual Studio Version 17
VisualStudioVersion = 17.11.35431.28
MinimumVisualStudioVersion = 10.0.40219.1
Project("{FAE04EC0-301F-11D3-BF4B-00C04F79EFBC}") = "Ch.2.1,Ex.9", "Ch.2.1,Ex.9.csproj", "{AD19ECA4-3931-490D-A6CA-BD85C177FFED}"
EndProject
Global
	GlobalSection(SolutionConfigurationPlatforms) = preSolution
		Debug|Any CPU = Debug|Any CPU
		Release|Any CPU = Release|Any CPU
	EndGlobalSection
	GlobalSection(ProjectConfigurationPlatforms) = postSolution
		{AD19ECA4-3931-490D-A6CA-BD85C177FFED}.Debug|Any CPU.ActiveCfg = Debug|Any CPU
		{AD19ECA4-3931-490D-A6CA-BD85C177FFED}.Debug|Any CPU.Build.0 = Debug|Any CPU
		{AD19ECA4-3931-490D-A6CA-BD85C177FFED}.Release|Any CPU.ActiveCfg = Release|Any CPU
		{AD19ECA4-3931-490D-A6CA-BD85C177FFED}.Release|Any CPU.Build.0 = Release|Any CPU
	EndGlobalSection
	GlobalSection(SolutionProperties) = preSolution
		HideSolutionNode = FALSE
	EndGlobalSection
	GlobalSection(ExtensibilityGlobals) = postSolution
		SolutionGuid = {9C4AF391-8909-416F-9290-693B1E48B845}
	EndGlobalSection
EndGlobal
