
Microsoft Visual Studio Solution File, Format Version 12.00
# Visual Studio Version 17
VisualStudioVersion = 17.10.35004.147
MinimumVisualStudioVersion = 10.0.40219.1
Project("{FAE04EC0-301F-11D3-BF4B-00C04F79EFBC}") = "Ch.9,Ex.5", "Ch.9,Ex.5.csproj", "{DF0AA499-B437-4DC6-9CE2-CF1F1762D3A5}"
EndProject
Global
	GlobalSection(SolutionConfigurationPlatforms) = preSolution
		Debug|Any CPU = Debug|Any CPU
		Release|Any CPU = Release|Any CPU
	EndGlobalSection
	GlobalSection(ProjectConfigurationPlatforms) = postSolution
		{DF0AA499-B437-4DC6-9CE2-CF1F1762D3A5}.Debug|Any CPU.ActiveCfg = Debug|Any CPU
		{DF0AA499-B437-4DC6-9CE2-CF1F1762D3A5}.Debug|Any CPU.Build.0 = Debug|Any CPU
		{DF0AA499-B437-4DC6-9CE2-CF1F1762D3A5}.Release|Any CPU.ActiveCfg = Release|Any CPU
		{DF0AA499-B437-4DC6-9CE2-CF1F1762D3A5}.Release|Any CPU.Build.0 = Release|Any CPU
	EndGlobalSection
	GlobalSection(SolutionProperties) = preSolution
		HideSolutionNode = FALSE
	EndGlobalSection
	GlobalSection(ExtensibilityGlobals) = postSolution
		SolutionGuid = {1B50B67B-DA1E-4E03-9718-ACA94C89D530}
	EndGlobalSection
EndGlobal
