
Microsoft Visual Studio Solution File, Format Version 12.00
# Visual Studio Version 17
VisualStudioVersion = 17.8.34330.188
MinimumVisualStudioVersion = 10.0.40219.1
Project("{FAE04EC0-301F-11D3-BF4B-00C04F79EFBC}") = "Ch.1,Ex.3,DB", "Ch.1,Ex.3,DB.csproj", "{99C43BCA-C024-4861-A3EA-00D756D5803D}"
EndProject
Global
	GlobalSection(SolutionConfigurationPlatforms) = preSolution
		Debug|Any CPU = Debug|Any CPU
		Release|Any CPU = Release|Any CPU
	EndGlobalSection
	GlobalSection(ProjectConfigurationPlatforms) = postSolution
		{99C43BCA-C024-4861-A3EA-00D756D5803D}.Debug|Any CPU.ActiveCfg = Debug|Any CPU
		{99C43BCA-C024-4861-A3EA-00D756D5803D}.Debug|Any CPU.Build.0 = Debug|Any CPU
		{99C43BCA-C024-4861-A3EA-00D756D5803D}.Release|Any CPU.ActiveCfg = Release|Any CPU
		{99C43BCA-C024-4861-A3EA-00D756D5803D}.Release|Any CPU.Build.0 = Release|Any CPU
	EndGlobalSection
	GlobalSection(SolutionProperties) = preSolution
		HideSolutionNode = FALSE
	EndGlobalSection
	GlobalSection(ExtensibilityGlobals) = postSolution
		SolutionGuid = {0E6AAEFE-1690-4297-BD59-A4825D7C1233}
	EndGlobalSection
EndGlobal
