Microsoft Visual Studio Solution File, Format Version 12.00
# Visual Studio Version 17
VisualStudioVersion = 17.13.35931.197
MinimumVisualStudioVersion = 10.0.40219.1
Project("{FAE04EC0-301F-11D3-BF4B-00C04F79EFBC}") = "Ch.2.3,Ex.3", "Ch.2.3,Ex.3.csproj", "{4B4520D4-7E46-4089-BE9D-7744A18AB3BC}"
EndProject
Global
	GlobalSection(SolutionConfigurationPlatforms) = preSolution
		Debug|Any CPU = Debug|Any CPU
		Release|Any CPU = Release|Any CPU
	EndGlobalSection
	GlobalSection(ProjectConfigurationPlatforms) = postSolution
		{4B4520D4-7E46-4089-BE9D-7744A18AB3BC}.Debug|Any CPU.ActiveCfg = Debug|Any CPU
		{4B4520D4-7E46-4089-BE9D-7744A18AB3BC}.Debug|Any CPU.Build.0 = Debug|Any CPU
		{4B4520D4-7E46-4089-BE9D-7744A18AB3BC}.Release|Any CPU.ActiveCfg = Release|Any CPU
		{4B4520D4-7E46-4089-BE9D-7744A18AB3BC}.Release|Any CPU.Build.0 = Release|Any CPU
	EndGlobalSection
	GlobalSection(SolutionProperties) = preSolution
		HideSolutionNode = FALSE
	EndGlobalSection
	GlobalSection(ExtensibilityGlobals) = postSolution
		SolutionGuid = {BAE1DCA8-ED5B-471D-92D7-C35841779CEB}
	EndGlobalSection
EndGlobal
