Microsoft Visual Studio Solution File, Format Version 12.00
# Visual Studio Version 17
VisualStudioVersion = 17.13.35931.197
MinimumVisualStudioVersion = 10.0.40219.1
Project("{FAE04EC0-301F-11D3-BF4B-00C04F79EFBC}") = "Ch.2.4,Ex.6", "Ch.2.4,Ex.6.csproj", "{E650016B-3453-4593-AEE8-8C70C95FE8B5}"
EndProject
Global
	GlobalSection(SolutionConfigurationPlatforms) = preSolution
		Debug|Any CPU = Debug|Any CPU
		Release|Any CPU = Release|Any CPU
	EndGlobalSection
	GlobalSection(ProjectConfigurationPlatforms) = postSolution
		{E650016B-3453-4593-AEE8-8C70C95FE8B5}.Debug|Any CPU.ActiveCfg = Debug|Any CPU
		{E650016B-3453-4593-AEE8-8C70C95FE8B5}.Debug|Any CPU.Build.0 = Debug|Any CPU
		{E650016B-3453-4593-AEE8-8C70C95FE8B5}.Release|Any CPU.ActiveCfg = Release|Any CPU
		{E650016B-3453-4593-AEE8-8C70C95FE8B5}.Release|Any CPU.Build.0 = Release|Any CPU
	EndGlobalSection
	GlobalSection(SolutionProperties) = preSolution
		HideSolutionNode = FALSE
	EndGlobalSection
	GlobalSection(ExtensibilityGlobals) = postSolution
		SolutionGuid = {3BD2F16F-C87D-41F4-889A-C6BD5148A417}
	EndGlobalSection
EndGlobal
