
Microsoft Visual Studio Solution File, Format Version 12.00
# Visual Studio Version 17
VisualStudioVersion = 17.12.35527.113 d17.12
MinimumVisualStudioVersion = 10.0.40219.1
Project("{FAE04EC0-301F-11D3-BF4B-00C04F79EFBC}") = "Ch.2.2,Ex.5", "Ch.2.2,Ex.5.csproj", "{63C2698E-3508-4310-ACD5-7C9A1A68185C}"
EndProject
Global
	GlobalSection(SolutionConfigurationPlatforms) = preSolution
		Debug|Any CPU = Debug|Any CPU
		Release|Any CPU = Release|Any CPU
	EndGlobalSection
	GlobalSection(ProjectConfigurationPlatforms) = postSolution
		{63C2698E-3508-4310-ACD5-7C9A1A68185C}.Debug|Any CPU.ActiveCfg = Debug|Any CPU
		{63C2698E-3508-4310-ACD5-7C9A1A68185C}.Debug|Any CPU.Build.0 = Debug|Any CPU
		{63C2698E-3508-4310-ACD5-7C9A1A68185C}.Release|Any CPU.ActiveCfg = Release|Any CPU
		{63C2698E-3508-4310-ACD5-7C9A1A68185C}.Release|Any CPU.Build.0 = Release|Any CPU
	EndGlobalSection
	GlobalSection(SolutionProperties) = preSolution
		HideSolutionNode = FALSE
	EndGlobalSection
EndGlobal
