
Microsoft Visual Studio Solution File, Format Version 12.00
# Visual Studio Version 17
VisualStudioVersion = 17.8.34330.188
MinimumVisualStudioVersion = 10.0.40219.1
Project("{FAE04EC0-301F-11D3-BF4B-00C04F79EFBC}") = "Ch.5,Ex.5", "Ch.5,Ex.5.csproj", "{2089FBEB-6F8C-42E7-93FC-E5D06B741CDB}"
EndProject
Global
	GlobalSection(SolutionConfigurationPlatforms) = preSolution
		Debug|Any CPU = Debug|Any CPU
		Release|Any CPU = Release|Any CPU
	EndGlobalSection
	GlobalSection(ProjectConfigurationPlatforms) = postSolution
		{2089FBEB-6F8C-42E7-93FC-E5D06B741CDB}.Debug|Any CPU.ActiveCfg = Debug|Any CPU
		{2089FBEB-6F8C-42E7-93FC-E5D06B741CDB}.Debug|Any CPU.Build.0 = Debug|Any CPU
		{2089FBEB-6F8C-42E7-93FC-E5D06B741CDB}.Release|Any CPU.ActiveCfg = Release|Any CPU
		{2089FBEB-6F8C-42E7-93FC-E5D06B741CDB}.Release|Any CPU.Build.0 = Release|Any CPU
	EndGlobalSection
	GlobalSection(SolutionProperties) = preSolution
		HideSolutionNode = FALSE
	EndGlobalSection
	GlobalSection(ExtensibilityGlobals) = postSolution
		SolutionGuid = {83CC9822-95FB-4148-A421-B9ED9E1669C3}
	EndGlobalSection
EndGlobal
