
Microsoft Visual Studio Solution File, Format Version 12.00
# Visual Studio Version 17
VisualStudioVersion = 17.14.36414.22 d17.14
MinimumVisualStudioVersion = 10.0.40219.1
Project("{FAE04EC0-301F-11D3-BF4B-00C04F79EFBC}") = "Ch.2.9,Ex.1", "Ch.2.9,Ex.1.csproj", "{C886FA48-D998-4D67-9AEB-B470D7297B58}"
EndProject
Global
	GlobalSection(SolutionConfigurationPlatforms) = preSolution
		Debug|Any CPU = Debug|Any CPU
		Release|Any CPU = Release|Any CPU
	EndGlobalSection
	GlobalSection(ProjectConfigurationPlatforms) = postSolution
		{C886FA48-D998-4D67-9AEB-B470D7297B58}.Debug|Any CPU.ActiveCfg = Debug|Any CPU
		{C886FA48-D998-4D67-9AEB-B470D7297B58}.Debug|Any CPU.Build.0 = Debug|Any CPU
		{C886FA48-D998-4D67-9AEB-B470D7297B58}.Release|Any CPU.ActiveCfg = Release|Any CPU
		{C886FA48-D998-4D67-9AEB-B470D7297B58}.Release|Any CPU.Build.0 = Release|Any CPU
	EndGlobalSection
	GlobalSection(SolutionProperties) = preSolution
		HideSolutionNode = FALSE
	EndGlobalSection
	GlobalSection(ExtensibilityGlobals) = postSolution
		SolutionGuid = {83168EF3-7B5C-494B-A8B9-65F1A0571E49}
	EndGlobalSection
EndGlobal
