
Microsoft Visual Studio Solution File, Format Version 12.00
# Visual Studio Version 17
VisualStudioVersion = 17.8.34330.188
MinimumVisualStudioVersion = 10.0.40219.1
Project("{FAE04EC0-301F-11D3-BF4B-00C04F79EFBC}") = "Ch.7,Ex.6", "Ch.7,Ex.6.csproj", "{F952C090-2985-4232-A5CB-18019B2248EB}"
EndProject
Global
	GlobalSection(SolutionConfigurationPlatforms) = preSolution
		Debug|Any CPU = Debug|Any CPU
		Release|Any CPU = Release|Any CPU
	EndGlobalSection
	GlobalSection(ProjectConfigurationPlatforms) = postSolution
		{F952C090-2985-4232-A5CB-18019B2248EB}.Debug|Any CPU.ActiveCfg = Debug|Any CPU
		{F952C090-2985-4232-A5CB-18019B2248EB}.Debug|Any CPU.Build.0 = Debug|Any CPU
		{F952C090-2985-4232-A5CB-18019B2248EB}.Release|Any CPU.ActiveCfg = Release|Any CPU
		{F952C090-2985-4232-A5CB-18019B2248EB}.Release|Any CPU.Build.0 = Release|Any CPU
	EndGlobalSection
	GlobalSection(SolutionProperties) = preSolution
		HideSolutionNode = FALSE
	EndGlobalSection
	GlobalSection(ExtensibilityGlobals) = postSolution
		SolutionGuid = {0A537408-A244-4F93-964A-183BFCC3CD73}
	EndGlobalSection
EndGlobal
