
Microsoft Visual Studio Solution File, Format Version 12.00
# Visual Studio Version 17
VisualStudioVersion = 17.11.35312.102
MinimumVisualStudioVersion = 10.0.40219.1
Project("{FAE04EC0-301F-11D3-BF4B-00C04F79EFBC}") = "Ch.6,Ex.9", "Ch.6,Ex.9.csproj", "{5490666D-1819-4753-AFB9-EAA6766297C6}"
EndProject
Global
	GlobalSection(SolutionConfigurationPlatforms) = preSolution
		Debug|Any CPU = Debug|Any CPU
		Release|Any CPU = Release|Any CPU
	EndGlobalSection
	GlobalSection(ProjectConfigurationPlatforms) = postSolution
		{5490666D-1819-4753-AFB9-EAA6766297C6}.Debug|Any CPU.ActiveCfg = Debug|Any CPU
		{5490666D-1819-4753-AFB9-EAA6766297C6}.Debug|Any CPU.Build.0 = Debug|Any CPU
		{5490666D-1819-4753-AFB9-EAA6766297C6}.Release|Any CPU.ActiveCfg = Release|Any CPU
		{5490666D-1819-4753-AFB9-EAA6766297C6}.Release|Any CPU.Build.0 = Release|Any CPU
	EndGlobalSection
	GlobalSection(SolutionProperties) = preSolution
		HideSolutionNode = FALSE
	EndGlobalSection
	GlobalSection(ExtensibilityGlobals) = postSolution
		SolutionGuid = {D795CDB9-34D8-4EE4-BE77-03DF937A5F58}
	EndGlobalSection
EndGlobal
