
Microsoft Visual Studio Solution File, Format Version 12.00
# Visual Studio Version 17
VisualStudioVersion = 17.8.34330.188
MinimumVisualStudioVersion = 10.0.40219.1
Project("{FAE04EC0-301F-11D3-BF4B-00C04F79EFBC}") = "Ch.4,Ex.2", "Ch.4,Ex.2.csproj", "{88F250DA-85DE-411B-A790-DE822F7A4D90}"
EndProject
Global
	GlobalSection(SolutionConfigurationPlatforms) = preSolution
		Debug|Any CPU = Debug|Any CPU
		Release|Any CPU = Release|Any CPU
	EndGlobalSection
	GlobalSection(ProjectConfigurationPlatforms) = postSolution
		{88F250DA-85DE-411B-A790-DE822F7A4D90}.Debug|Any CPU.ActiveCfg = Debug|Any CPU
		{88F250DA-85DE-411B-A790-DE822F7A4D90}.Debug|Any CPU.Build.0 = Debug|Any CPU
		{88F250DA-85DE-411B-A790-DE822F7A4D90}.Release|Any CPU.ActiveCfg = Release|Any CPU
		{88F250DA-85DE-411B-A790-DE822F7A4D90}.Release|Any CPU.Build.0 = Release|Any CPU
	EndGlobalSection
	GlobalSection(SolutionProperties) = preSolution
		HideSolutionNode = FALSE
	EndGlobalSection
	GlobalSection(ExtensibilityGlobals) = postSolution
		SolutionGuid = {FD0EB0A1-06B2-4023-BBAB-3E049A45894B}
	EndGlobalSection
EndGlobal
