Microsoft Visual Studio Solution File, Format Version 12.00
# Visual Studio Version 17
VisualStudioVersion = 17.13.35931.197
MinimumVisualStudioVersion = 10.0.40219.1
Project("{FAE04EC0-301F-11D3-BF4B-00C04F79EFBC}") = "Ch.2.3,Ex.8", "Ch.2.3,Ex.8.csproj", "{D43B6E2A-E82C-4461-A04C-304A8440A784}"
EndProject
Global
	GlobalSection(SolutionConfigurationPlatforms) = preSolution
		Debug|Any CPU = Debug|Any CPU
		Release|Any CPU = Release|Any CPU
	EndGlobalSection
	GlobalSection(ProjectConfigurationPlatforms) = postSolution
		{D43B6E2A-E82C-4461-A04C-304A8440A784}.Debug|Any CPU.ActiveCfg = Debug|Any CPU
		{D43B6E2A-E82C-4461-A04C-304A8440A784}.Debug|Any CPU.Build.0 = Debug|Any CPU
		{D43B6E2A-E82C-4461-A04C-304A8440A784}.Release|Any CPU.ActiveCfg = Release|Any CPU
		{D43B6E2A-E82C-4461-A04C-304A8440A784}.Release|Any CPU.Build.0 = Release|Any CPU
	EndGlobalSection
	GlobalSection(SolutionProperties) = preSolution
		HideSolutionNode = FALSE
	EndGlobalSection
	GlobalSection(ExtensibilityGlobals) = postSolution
		SolutionGuid = {E23E24CE-68F3-43BB-AE9B-14B4DC1BDAE9}
	EndGlobalSection
EndGlobal
