
Microsoft Visual Studio Solution File, Format Version 12.00
# Visual Studio Version 17
VisualStudioVersion = 17.10.35004.147
MinimumVisualStudioVersion = 10.0.40219.1
Project("{FAE04EC0-301F-11D3-BF4B-00C04F79EFBC}") = "Ch.9,Ex.2", "Ch.9,Ex.2.csproj", "{7ECC6C6C-1548-4271-A263-B86CE4B78C2E}"
EndProject
Global
	GlobalSection(SolutionConfigurationPlatforms) = preSolution
		Debug|Any CPU = Debug|Any CPU
		Release|Any CPU = Release|Any CPU
	EndGlobalSection
	GlobalSection(ProjectConfigurationPlatforms) = postSolution
		{7ECC6C6C-1548-4271-A263-B86CE4B78C2E}.Debug|Any CPU.ActiveCfg = Debug|Any CPU
		{7ECC6C6C-1548-4271-A263-B86CE4B78C2E}.Debug|Any CPU.Build.0 = Debug|Any CPU
		{7ECC6C6C-1548-4271-A263-B86CE4B78C2E}.Release|Any CPU.ActiveCfg = Release|Any CPU
		{7ECC6C6C-1548-4271-A263-B86CE4B78C2E}.Release|Any CPU.Build.0 = Release|Any CPU
	EndGlobalSection
	GlobalSection(SolutionProperties) = preSolution
		HideSolutionNode = FALSE
	EndGlobalSection
	GlobalSection(ExtensibilityGlobals) = postSolution
		SolutionGuid = {CEABFA41-C333-4A08-8652-9012AB2A41AF}
	EndGlobalSection
EndGlobal
