
Microsoft Visual Studio Solution File, Format Version 12.00
# Visual Studio Version 17
VisualStudioVersion = 17.14.36414.22 d17.14
MinimumVisualStudioVersion = 10.0.40219.1
Project("{FAE04EC0-301F-11D3-BF4B-00C04F79EFBC}") = "Ch.2.9,Ex.3", "Ch.2.9,Ex.3.csproj", "{900ABC1C-4126-4C95-A3DF-70D22C972174}"
EndProject
Global
	GlobalSection(SolutionConfigurationPlatforms) = preSolution
		Debug|Any CPU = Debug|Any CPU
		Release|Any CPU = Release|Any CPU
	EndGlobalSection
	GlobalSection(ProjectConfigurationPlatforms) = postSolution
		{900ABC1C-4126-4C95-A3DF-70D22C972174}.Debug|Any CPU.ActiveCfg = Debug|Any CPU
		{900ABC1C-4126-4C95-A3DF-70D22C972174}.Debug|Any CPU.Build.0 = Debug|Any CPU
		{900ABC1C-4126-4C95-A3DF-70D22C972174}.Release|Any CPU.ActiveCfg = Release|Any CPU
		{900ABC1C-4126-4C95-A3DF-70D22C972174}.Release|Any CPU.Build.0 = Release|Any CPU
	EndGlobalSection
	GlobalSection(SolutionProperties) = preSolution
		HideSolutionNode = FALSE
	EndGlobalSection
	GlobalSection(ExtensibilityGlobals) = postSolution
		SolutionGuid = {74F7681A-F17D-4F0E-BF12-87BF162C8FAC}
	EndGlobalSection
EndGlobal
