
Microsoft Visual Studio Solution File, Format Version 12.00
# Visual Studio Version 17
VisualStudioVersion = 17.11.35431.28
MinimumVisualStudioVersion = 10.0.40219.1
Project("{FAE04EC0-301F-11D3-BF4B-00C04F79EFBC}") = "Ch.2.2,Ex.1", "Ch.2.2,Ex.1.csproj", "{4EA7CCC8-4F78-41B4-9AB1-4681BF823902}"
EndProject
Global
	GlobalSection(SolutionConfigurationPlatforms) = preSolution
		Debug|Any CPU = Debug|Any CPU
		Release|Any CPU = Release|Any CPU
	EndGlobalSection
	GlobalSection(ProjectConfigurationPlatforms) = postSolution
		{4EA7CCC8-4F78-41B4-9AB1-4681BF823902}.Debug|Any CPU.ActiveCfg = Debug|Any CPU
		{4EA7CCC8-4F78-41B4-9AB1-4681BF823902}.Debug|Any CPU.Build.0 = Debug|Any CPU
		{4EA7CCC8-4F78-41B4-9AB1-4681BF823902}.Release|Any CPU.ActiveCfg = Release|Any CPU
		{4EA7CCC8-4F78-41B4-9AB1-4681BF823902}.Release|Any CPU.Build.0 = Release|Any CPU
	EndGlobalSection
	GlobalSection(SolutionProperties) = preSolution
		HideSolutionNode = FALSE
	EndGlobalSection
	GlobalSection(ExtensibilityGlobals) = postSolution
		SolutionGuid = {2BB676A5-DDF4-4F45-9144-EAEAEC55C427}
	EndGlobalSection
EndGlobal
