
Microsoft Visual Studio Solution File, Format Version 12.00
# Visual Studio Version 17
VisualStudioVersion = 17.8.34330.188
MinimumVisualStudioVersion = 10.0.40219.1
Project("{FAE04EC0-301F-11D3-BF4B-00C04F79EFBC}") = "Ch.4,Ex.4", "Ch.4,Ex.4.csproj", "{C34DC007-7689-4A9D-8FB3-2D95C5293C9D}"
EndProject
Global
	GlobalSection(SolutionConfigurationPlatforms) = preSolution
		Debug|Any CPU = Debug|Any CPU
		Release|Any CPU = Release|Any CPU
	EndGlobalSection
	GlobalSection(ProjectConfigurationPlatforms) = postSolution
		{C34DC007-7689-4A9D-8FB3-2D95C5293C9D}.Debug|Any CPU.ActiveCfg = Debug|Any CPU
		{C34DC007-7689-4A9D-8FB3-2D95C5293C9D}.Debug|Any CPU.Build.0 = Debug|Any CPU
		{C34DC007-7689-4A9D-8FB3-2D95C5293C9D}.Release|Any CPU.ActiveCfg = Release|Any CPU
		{C34DC007-7689-4A9D-8FB3-2D95C5293C9D}.Release|Any CPU.Build.0 = Release|Any CPU
	EndGlobalSection
	GlobalSection(SolutionProperties) = preSolution
		HideSolutionNode = FALSE
	EndGlobalSection
	GlobalSection(ExtensibilityGlobals) = postSolution
		SolutionGuid = {0DB1C1AF-72C8-4196-BCE6-BA1FF11C66F7}
	EndGlobalSection
EndGlobal
