
Microsoft Visual Studio Solution File, Format Version 12.00
# Visual Studio Version 17
VisualStudioVersion = 17.14.36414.22 d17.14
MinimumVisualStudioVersion = 10.0.40219.1
Project("{FAE04EC0-301F-11D3-BF4B-00C04F79EFBC}") = "Ch.2.8,Ex.9", "Ch.2.8,Ex.9.csproj", "{699538C9-A6B6-4A8B-89EC-36AEB709031D}"
EndProject
Global
	GlobalSection(SolutionConfigurationPlatforms) = preSolution
		Debug|Any CPU = Debug|Any CPU
		Release|Any CPU = Release|Any CPU
	EndGlobalSection
	GlobalSection(ProjectConfigurationPlatforms) = postSolution
		{699538C9-A6B6-4A8B-89EC-36AEB709031D}.Debug|Any CPU.ActiveCfg = Debug|Any CPU
		{699538C9-A6B6-4A8B-89EC-36AEB709031D}.Debug|Any CPU.Build.0 = Debug|Any CPU
		{699538C9-A6B6-4A8B-89EC-36AEB709031D}.Release|Any CPU.ActiveCfg = Release|Any CPU
		{699538C9-A6B6-4A8B-89EC-36AEB709031D}.Release|Any CPU.Build.0 = Release|Any CPU
	EndGlobalSection
	GlobalSection(SolutionProperties) = preSolution
		HideSolutionNode = FALSE
	EndGlobalSection
	GlobalSection(ExtensibilityGlobals) = postSolution
		SolutionGuid = {035A8123-B3CB-4D32-806B-6F76338C270B}
	EndGlobalSection
EndGlobal
