
Microsoft Visual Studio Solution File, Format Version 12.00
# Visual Studio Version 17
VisualStudioVersion = 17.11.35431.28
MinimumVisualStudioVersion = 10.0.40219.1
Project("{FAE04EC0-301F-11D3-BF4B-00C04F79EFBC}") = "Ch.2.1,Ex.1", "Ch.2.1,Ex.1.csproj", "{61526C2F-FB06-484F-A64A-1928D184C1BF}"
EndProject
Global
	GlobalSection(SolutionConfigurationPlatforms) = preSolution
		Debug|Any CPU = Debug|Any CPU
		Release|Any CPU = Release|Any CPU
	EndGlobalSection
	GlobalSection(ProjectConfigurationPlatforms) = postSolution
		{61526C2F-FB06-484F-A64A-1928D184C1BF}.Debug|Any CPU.ActiveCfg = Debug|Any CPU
		{61526C2F-FB06-484F-A64A-1928D184C1BF}.Debug|Any CPU.Build.0 = Debug|Any CPU
		{61526C2F-FB06-484F-A64A-1928D184C1BF}.Release|Any CPU.ActiveCfg = Release|Any CPU
		{61526C2F-FB06-484F-A64A-1928D184C1BF}.Release|Any CPU.Build.0 = Release|Any CPU
	EndGlobalSection
	GlobalSection(SolutionProperties) = preSolution
		HideSolutionNode = FALSE
	EndGlobalSection
	GlobalSection(ExtensibilityGlobals) = postSolution
		SolutionGuid = {371A169A-2ED0-4725-8C54-6FBC9CB455F8}
	EndGlobalSection
EndGlobal
