
Microsoft Visual Studio Solution File, Format Version 12.00
# Visual Studio Version 17
VisualStudioVersion = 17.11.35303.130
MinimumVisualStudioVersion = 10.0.40219.1
Project("{FAE04EC0-301F-11D3-BF4B-00C04F79EFBC}") = "Ch.1,Ex.10", "Ch.1,Ex.10.csproj", "{0299B92F-232D-407A-BFFC-8F7EC636D3FA}"
EndProject
Global
	GlobalSection(SolutionConfigurationPlatforms) = preSolution
		Debug|Any CPU = Debug|Any CPU
		Release|Any CPU = Release|Any CPU
	EndGlobalSection
	GlobalSection(ProjectConfigurationPlatforms) = postSolution
		{0299B92F-232D-407A-BFFC-8F7EC636D3FA}.Debug|Any CPU.ActiveCfg = Debug|Any CPU
		{0299B92F-232D-407A-BFFC-8F7EC636D3FA}.Debug|Any CPU.Build.0 = Debug|Any CPU
		{0299B92F-232D-407A-BFFC-8F7EC636D3FA}.Release|Any CPU.ActiveCfg = Release|Any CPU
		{0299B92F-232D-407A-BFFC-8F7EC636D3FA}.Release|Any CPU.Build.0 = Release|Any CPU
	EndGlobalSection
	GlobalSection(SolutionProperties) = preSolution
		HideSolutionNode = FALSE
	EndGlobalSection
	GlobalSection(ExtensibilityGlobals) = postSolution
		SolutionGuid = {A1F06724-F4EA-4AB2-98E2-6E79B478479C}
	EndGlobalSection
EndGlobal
