
Microsoft Visual Studio Solution File, Format Version 12.00
# Visual Studio Version 17
VisualStudioVersion = 17.8.34330.188
MinimumVisualStudioVersion = 10.0.40219.1
Project("{FAE04EC0-301F-11D3-BF4B-00C04F79EFBC}") = "Ch.5,Ex.7", "Ch.5,Ex.7.csproj", "{DC7F8E75-11E5-4E75-93D4-813499CB2681}"
EndProject
Global
	GlobalSection(SolutionConfigurationPlatforms) = preSolution
		Debug|Any CPU = Debug|Any CPU
		Release|Any CPU = Release|Any CPU
	EndGlobalSection
	GlobalSection(ProjectConfigurationPlatforms) = postSolution
		{DC7F8E75-11E5-4E75-93D4-813499CB2681}.Debug|Any CPU.ActiveCfg = Debug|Any CPU
		{DC7F8E75-11E5-4E75-93D4-813499CB2681}.Debug|Any CPU.Build.0 = Debug|Any CPU
		{DC7F8E75-11E5-4E75-93D4-813499CB2681}.Release|Any CPU.ActiveCfg = Release|Any CPU
		{DC7F8E75-11E5-4E75-93D4-813499CB2681}.Release|Any CPU.Build.0 = Release|Any CPU
	EndGlobalSection
	GlobalSection(SolutionProperties) = preSolution
		HideSolutionNode = FALSE
	EndGlobalSection
	GlobalSection(ExtensibilityGlobals) = postSolution
		SolutionGuid = {02A822C0-86FA-4F47-88D9-6E4F19A11926}
	EndGlobalSection
EndGlobal
