
Microsoft Visual Studio Solution File, Format Version 12.00
# Visual Studio Version 17
VisualStudioVersion = 17.8.34330.188
MinimumVisualStudioVersion = 10.0.40219.1
Project("{FAE04EC0-301F-11D3-BF4B-00C04F79EFBC}") = "Ch.5,Ex.3", "Ch.5,Ex.3.csproj", "{8178789E-DD46-426B-AFF7-C739B57942A5}"
EndProject
Global
	GlobalSection(SolutionConfigurationPlatforms) = preSolution
		Debug|Any CPU = Debug|Any CPU
		Release|Any CPU = Release|Any CPU
	EndGlobalSection
	GlobalSection(ProjectConfigurationPlatforms) = postSolution
		{8178789E-DD46-426B-AFF7-C739B57942A5}.Debug|Any CPU.ActiveCfg = Debug|Any CPU
		{8178789E-DD46-426B-AFF7-C739B57942A5}.Debug|Any CPU.Build.0 = Debug|Any CPU
		{8178789E-DD46-426B-AFF7-C739B57942A5}.Release|Any CPU.ActiveCfg = Release|Any CPU
		{8178789E-DD46-426B-AFF7-C739B57942A5}.Release|Any CPU.Build.0 = Release|Any CPU
	EndGlobalSection
	GlobalSection(SolutionProperties) = preSolution
		HideSolutionNode = FALSE
	EndGlobalSection
	GlobalSection(ExtensibilityGlobals) = postSolution
		SolutionGuid = {2AFF6A8F-D022-4033-913A-2E366FD86643}
	EndGlobalSection
EndGlobal
