
Microsoft Visual Studio Solution File, Format Version 12.00
# Visual Studio Version 17
VisualStudioVersion = 17.14.36203.30 d17.14
MinimumVisualStudioVersion = 10.0.40219.1
Project("{FAE04EC0-301F-11D3-BF4B-00C04F79EFBC}") = "Ch.2.6,Ex.3", "Ch.2.6,Ex.3.csproj", "{A5EEF76E-C780-4391-84DB-4C6369C266D4}"
EndProject
Global
	GlobalSection(SolutionConfigurationPlatforms) = preSolution
		Debug|Any CPU = Debug|Any CPU
		Release|Any CPU = Release|Any CPU
	EndGlobalSection
	GlobalSection(ProjectConfigurationPlatforms) = postSolution
		{A5EEF76E-C780-4391-84DB-4C6369C266D4}.Debug|Any CPU.ActiveCfg = Debug|Any CPU
		{A5EEF76E-C780-4391-84DB-4C6369C266D4}.Debug|Any CPU.Build.0 = Debug|Any CPU
		{A5EEF76E-C780-4391-84DB-4C6369C266D4}.Release|Any CPU.ActiveCfg = Release|Any CPU
		{A5EEF76E-C780-4391-84DB-4C6369C266D4}.Release|Any CPU.Build.0 = Release|Any CPU
	EndGlobalSection
	GlobalSection(SolutionProperties) = preSolution
		HideSolutionNode = FALSE
	EndGlobalSection
	GlobalSection(ExtensibilityGlobals) = postSolution
		SolutionGuid = {B2E5B6DC-2C9D-487F-9806-8C5F7851369E}
	EndGlobalSection
EndGlobal
