
Microsoft Visual Studio Solution File, Format Version 12.00
# Visual Studio Version 17
VisualStudioVersion = 17.14.36408.4 d17.14
MinimumVisualStudioVersion = 10.0.40219.1
Project("{FAE04EC0-301F-11D3-BF4B-00C04F79EFBC}") = "Ch.2.6,Ex.8", "Ch.2.6,Ex.8.csproj", "{0283176C-6DDE-4A5D-ADBB-1F78812195FD}"
EndProject
Global
	GlobalSection(SolutionConfigurationPlatforms) = preSolution
		Debug|Any CPU = Debug|Any CPU
		Release|Any CPU = Release|Any CPU
	EndGlobalSection
	GlobalSection(ProjectConfigurationPlatforms) = postSolution
		{0283176C-6DDE-4A5D-ADBB-1F78812195FD}.Debug|Any CPU.ActiveCfg = Debug|Any CPU
		{0283176C-6DDE-4A5D-ADBB-1F78812195FD}.Debug|Any CPU.Build.0 = Debug|Any CPU
		{0283176C-6DDE-4A5D-ADBB-1F78812195FD}.Release|Any CPU.ActiveCfg = Release|Any CPU
		{0283176C-6DDE-4A5D-ADBB-1F78812195FD}.Release|Any CPU.Build.0 = Release|Any CPU
	EndGlobalSection
	GlobalSection(SolutionProperties) = preSolution
		HideSolutionNode = FALSE
	EndGlobalSection
	GlobalSection(ExtensibilityGlobals) = postSolution
		SolutionGuid = {B2D8B75E-DCF0-4178-BF76-8D1308F1D6BC}
	EndGlobalSection
EndGlobal
