
Microsoft Visual Studio Solution File, Format Version 12.00
# Visual Studio Version 17
VisualStudioVersion = 17.8.34330.188
MinimumVisualStudioVersion = 10.0.40219.1
Project("{FAE04EC0-301F-11D3-BF4B-00C04F79EFBC}") = "Ch.1,Ex.5", "Ch.1,Ex.5.csproj", "{C2B7C665-5E4E-4080-A0BE-FB4C9B599353}"
EndProject
Global
	GlobalSection(SolutionConfigurationPlatforms) = preSolution
		Debug|Any CPU = Debug|Any CPU
		Release|Any CPU = Release|Any CPU
	EndGlobalSection
	GlobalSection(ProjectConfigurationPlatforms) = postSolution
		{C2B7C665-5E4E-4080-A0BE-FB4C9B599353}.Debug|Any CPU.ActiveCfg = Debug|Any CPU
		{C2B7C665-5E4E-4080-A0BE-FB4C9B599353}.Debug|Any CPU.Build.0 = Debug|Any CPU
		{C2B7C665-5E4E-4080-A0BE-FB4C9B599353}.Release|Any CPU.ActiveCfg = Release|Any CPU
		{C2B7C665-5E4E-4080-A0BE-FB4C9B599353}.Release|Any CPU.Build.0 = Release|Any CPU
	EndGlobalSection
	GlobalSection(SolutionProperties) = preSolution
		HideSolutionNode = FALSE
	EndGlobalSection
	GlobalSection(ExtensibilityGlobals) = postSolution
		SolutionGuid = {2343F3FF-3148-4F1C-86FE-2D7E7CEBFF26}
	EndGlobalSection
EndGlobal
