
Microsoft Visual Studio Solution File, Format Version 12.00
# Visual Studio Version 17
VisualStudioVersion = 17.8.34330.188
MinimumVisualStudioVersion = 10.0.40219.1
Project("{FAE04EC0-301F-11D3-BF4B-00C04F79EFBC}") = "Ch.7,Ex.5", "Ch.7,Ex.5.csproj", "{897098BD-0A64-46AE-A30E-768E1720B41C}"
EndProject
Global
	GlobalSection(SolutionConfigurationPlatforms) = preSolution
		Debug|Any CPU = Debug|Any CPU
		Release|Any CPU = Release|Any CPU
	EndGlobalSection
	GlobalSection(ProjectConfigurationPlatforms) = postSolution
		{897098BD-0A64-46AE-A30E-768E1720B41C}.Debug|Any CPU.ActiveCfg = Debug|Any CPU
		{897098BD-0A64-46AE-A30E-768E1720B41C}.Debug|Any CPU.Build.0 = Debug|Any CPU
		{897098BD-0A64-46AE-A30E-768E1720B41C}.Release|Any CPU.ActiveCfg = Release|Any CPU
		{897098BD-0A64-46AE-A30E-768E1720B41C}.Release|Any CPU.Build.0 = Release|Any CPU
	EndGlobalSection
	GlobalSection(SolutionProperties) = preSolution
		HideSolutionNode = FALSE
	EndGlobalSection
	GlobalSection(ExtensibilityGlobals) = postSolution
		SolutionGuid = {C17AB8E8-A155-4812-801F-358C4CE75107}
	EndGlobalSection
EndGlobal
