
Microsoft Visual Studio Solution File, Format Version 12.00
# Visual Studio Version 17
VisualStudioVersion = 17.11.35312.102
MinimumVisualStudioVersion = 10.0.40219.1
Project("{FAE04EC0-301F-11D3-BF4B-00C04F79EFBC}") = "Ch.5,Ex.10", "Ch.5,Ex.10.csproj", "{2AEDD8E3-2D8C-41B6-9979-162FE2A5DF7F}"
EndProject
Global
	GlobalSection(SolutionConfigurationPlatforms) = preSolution
		Debug|Any CPU = Debug|Any CPU
		Release|Any CPU = Release|Any CPU
	EndGlobalSection
	GlobalSection(ProjectConfigurationPlatforms) = postSolution
		{2AEDD8E3-2D8C-41B6-9979-162FE2A5DF7F}.Debug|Any CPU.ActiveCfg = Debug|Any CPU
		{2AEDD8E3-2D8C-41B6-9979-162FE2A5DF7F}.Debug|Any CPU.Build.0 = Debug|Any CPU
		{2AEDD8E3-2D8C-41B6-9979-162FE2A5DF7F}.Release|Any CPU.ActiveCfg = Release|Any CPU
		{2AEDD8E3-2D8C-41B6-9979-162FE2A5DF7F}.Release|Any CPU.Build.0 = Release|Any CPU
	EndGlobalSection
	GlobalSection(SolutionProperties) = preSolution
		HideSolutionNode = FALSE
	EndGlobalSection
	GlobalSection(ExtensibilityGlobals) = postSolution
		SolutionGuid = {3C1E2C07-8552-496E-9CFB-83DEF9FAC75F}
	EndGlobalSection
EndGlobal
