
Microsoft Visual Studio Solution File, Format Version 12.00
# Visual Studio Version 17
VisualStudioVersion = 17.8.34330.188
MinimumVisualStudioVersion = 10.0.40219.1
Project("{FAE04EC0-301F-11D3-BF4B-00C04F79EFBC}") = "Ch.3,Ex.4", "Ch.3,Ex.4.csproj", "{E2B96BC6-1CD5-4B3D-8C5B-4CDCE6D12784}"
EndProject
Global
	GlobalSection(SolutionConfigurationPlatforms) = preSolution
		Debug|Any CPU = Debug|Any CPU
		Release|Any CPU = Release|Any CPU
	EndGlobalSection
	GlobalSection(ProjectConfigurationPlatforms) = postSolution
		{E2B96BC6-1CD5-4B3D-8C5B-4CDCE6D12784}.Debug|Any CPU.ActiveCfg = Debug|Any CPU
		{E2B96BC6-1CD5-4B3D-8C5B-4CDCE6D12784}.Debug|Any CPU.Build.0 = Debug|Any CPU
		{E2B96BC6-1CD5-4B3D-8C5B-4CDCE6D12784}.Release|Any CPU.ActiveCfg = Release|Any CPU
		{E2B96BC6-1CD5-4B3D-8C5B-4CDCE6D12784}.Release|Any CPU.Build.0 = Release|Any CPU
	EndGlobalSection
	GlobalSection(SolutionProperties) = preSolution
		HideSolutionNode = FALSE
	EndGlobalSection
	GlobalSection(ExtensibilityGlobals) = postSolution
		SolutionGuid = {9096EE35-5339-44D1-8FF5-BC4CD801FDFA}
	EndGlobalSection
EndGlobal
