
Microsoft Visual Studio Solution File, Format Version 12.00
# Visual Studio Version 17
VisualStudioVersion = 17.14.36408.4 d17.14
MinimumVisualStudioVersion = 10.0.40219.1
Project("{FAE04EC0-301F-11D3-BF4B-00C04F79EFBC}") = "Ch.2.7,Ex.5", "Ch.2.7,Ex.5.csproj", "{12A81B21-4A43-490D-8F41-D042E94104DA}"
EndProject
Global
	GlobalSection(SolutionConfigurationPlatforms) = preSolution
		Debug|Any CPU = Debug|Any CPU
		Release|Any CPU = Release|Any CPU
	EndGlobalSection
	GlobalSection(ProjectConfigurationPlatforms) = postSolution
		{12A81B21-4A43-490D-8F41-D042E94104DA}.Debug|Any CPU.ActiveCfg = Debug|Any CPU
		{12A81B21-4A43-490D-8F41-D042E94104DA}.Debug|Any CPU.Build.0 = Debug|Any CPU
		{12A81B21-4A43-490D-8F41-D042E94104DA}.Release|Any CPU.ActiveCfg = Release|Any CPU
		{12A81B21-4A43-490D-8F41-D042E94104DA}.Release|Any CPU.Build.0 = Release|Any CPU
	EndGlobalSection
	GlobalSection(SolutionProperties) = preSolution
		HideSolutionNode = FALSE
	EndGlobalSection
	GlobalSection(ExtensibilityGlobals) = postSolution
		SolutionGuid = {519438AC-0E3C-45F1-BA9E-931733E110BE}
	EndGlobalSection
EndGlobal
