
Microsoft Visual Studio Solution File, Format Version 12.00
# Visual Studio Version 17
VisualStudioVersion = 17.10.35004.147
MinimumVisualStudioVersion = 10.0.40219.1
Project("{FAE04EC0-301F-11D3-BF4B-00C04F79EFBC}") = "Ch.10,Ex.1", "Ch.10,Ex.1.csproj", "{8B2D7C55-6E81-4E01-A38E-3A51BF04D33C}"
EndProject
Global
	GlobalSection(SolutionConfigurationPlatforms) = preSolution
		Debug|Any CPU = Debug|Any CPU
		Release|Any CPU = Release|Any CPU
	EndGlobalSection
	GlobalSection(ProjectConfigurationPlatforms) = postSolution
		{8B2D7C55-6E81-4E01-A38E-3A51BF04D33C}.Debug|Any CPU.ActiveCfg = Debug|Any CPU
		{8B2D7C55-6E81-4E01-A38E-3A51BF04D33C}.Debug|Any CPU.Build.0 = Debug|Any CPU
		{8B2D7C55-6E81-4E01-A38E-3A51BF04D33C}.Release|Any CPU.ActiveCfg = Release|Any CPU
		{8B2D7C55-6E81-4E01-A38E-3A51BF04D33C}.Release|Any CPU.Build.0 = Release|Any CPU
	EndGlobalSection
	GlobalSection(SolutionProperties) = preSolution
		HideSolutionNode = FALSE
	EndGlobalSection
	GlobalSection(ExtensibilityGlobals) = postSolution
		SolutionGuid = {3357D122-A0B6-4C9D-8D17-7EEF80DCA2E1}
	EndGlobalSection
EndGlobal
